
Microsoft Visual Studio Solution File, Format Version 12.00
# Visual Studio 15
VisualStudioVersion = 15.0.26430.16
MinimumVisualStudioVersion = 10.0.40219.1
Project("{2150E333-8FDC-42A3-9474-1A3956D46DE8}") = "Engine", "Engine", "{A116AC72-C827-48F3-893D-BB2CF3D05D5B}"
EndProject
Project("{2150E333-8FDC-42A3-9474-1A3956D46DE8}") = "Games", "Games", "{BB64D4CC-0088-4308-BE2B-34652B6EA8F8}"
EndProject
Project("{8BC9CEB8-8B4A-11D0-8D11-00A0C91BC942}") = "UE4", "Intermediate\ProjectFiles\UE4.vcxproj", "{6EB235AF-B363-4C8E-BCC7-D34E8F608B36}"
EndProject
Project("{8BC9CEB8-8B4A-11D0-8D11-00A0C91BC942}") = "BuildingEscape", "Intermediate\ProjectFiles\BuildingEscape.vcxproj", "{7FC1801D-3290-4639-98B3-ADC525FF223F}"
EndProject
Global
	GlobalSection(SolutionConfigurationPlatforms) = preSolution
		DebugGame Editor|HTML5 = DebugGame Editor|HTML5
		DebugGame Editor|Win32 = DebugGame Editor|Win32
		DebugGame Editor|Win64 = DebugGame Editor|Win64
		DebugGame|HTML5 = DebugGame|HTML5
		DebugGame|Win32 = DebugGame|Win32
		DebugGame|Win64 = DebugGame|Win64
		Development Editor|HTML5 = Development Editor|HTML5
		Development Editor|Win32 = Development Editor|Win32
		Development Editor|Win64 = Development Editor|Win64
		Development|HTML5 = Development|HTML5
		Development|Win32 = Development|Win32
		Development|Win64 = Development|Win64
		Shipping|HTML5 = Shipping|HTML5
		Shipping|Win32 = Shipping|Win32
		Shipping|Win64 = Shipping|Win64
	EndGlobalSection
	GlobalSection(ProjectConfigurationPlatforms) = postSolution
		{6EB235AF-B363-4C8E-BCC7-D34E8F608B36}.DebugGame Editor|HTML5.ActiveCfg = BuiltWithUnrealBuildTool|Win32
		{6EB235AF-B363-4C8E-BCC7-D34E8F608B36}.DebugGame Editor|HTML5.Build.0 = BuiltWithUnrealBuildTool|Win32
		{6EB235AF-B363-4C8E-BCC7-D34E8F608B36}.DebugGame Editor|Win32.ActiveCfg = BuiltWithUnrealBuildTool|Win32
		{6EB235AF-B363-4C8E-BCC7-D34E8F608B36}.DebugGame Editor|Win32.Build.0 = BuiltWithUnrealBuildTool|Win32
		{6EB235AF-B363-4C8E-BCC7-D34E8F608B36}.DebugGame Editor|Win64.ActiveCfg = BuiltWithUnrealBuildTool|Win32
		{6EB235AF-B363-4C8E-BCC7-D34E8F608B36}.DebugGame Editor|Win64.Build.0 = BuiltWithUnrealBuildTool|Win32
		{6EB235AF-B363-4C8E-BCC7-D34E8F608B36}.DebugGame|HTML5.ActiveCfg = BuiltWithUnrealBuildTool|Win32
		{6EB235AF-B363-4C8E-BCC7-D34E8F608B36}.DebugGame|HTML5.Build.0 = BuiltWithUnrealBuildTool|Win32
		{6EB235AF-B363-4C8E-BCC7-D34E8F608B36}.DebugGame|Win32.ActiveCfg = BuiltWithUnrealBuildTool|Win32
		{6EB235AF-B363-4C8E-BCC7-D34E8F608B36}.DebugGame|Win32.Build.0 = BuiltWithUnrealBuildTool|Win32
		{6EB235AF-B363-4C8E-BCC7-D34E8F608B36}.DebugGame|Win64.ActiveCfg = BuiltWithUnrealBuildTool|Win32
		{6EB235AF-B363-4C8E-BCC7-D34E8F608B36}.DebugGame|Win64.Build.0 = BuiltWithUnrealBuildTool|Win32
		{6EB235AF-B363-4C8E-BCC7-D34E8F608B36}.Development Editor|HTML5.ActiveCfg = BuiltWithUnrealBuildTool|Win32
		{6EB235AF-B363-4C8E-BCC7-D34E8F608B36}.Development Editor|HTML5.Build.0 = BuiltWithUnrealBuildTool|Win32
		{6EB235AF-B363-4C8E-BCC7-D34E8F608B36}.Development Editor|Win32.ActiveCfg = BuiltWithUnrealBuildTool|Win32
		{6EB235AF-B363-4C8E-BCC7-D34E8F608B36}.Development Editor|Win32.Build.0 = BuiltWithUnrealBuildTool|Win32
		{6EB235AF-B363-4C8E-BCC7-D34E8F608B36}.Development Editor|Win64.ActiveCfg = BuiltWithUnrealBuildTool|Win32
		{6EB235AF-B363-4C8E-BCC7-D34E8F608B36}.Development Editor|Win64.Build.0 = BuiltWithUnrealBuildTool|Win32
		{6EB235AF-B363-4C8E-BCC7-D34E8F608B36}.Development|HTML5.ActiveCfg = BuiltWithUnrealBuildTool|Win32
		{6EB235AF-B363-4C8E-BCC7-D34E8F608B36}.Development|HTML5.Build.0 = BuiltWithUnrealBuildTool|Win32
		{6EB235AF-B363-4C8E-BCC7-D34E8F608B36}.Development|Win32.ActiveCfg = BuiltWithUnrealBuildTool|Win32
		{6EB235AF-B363-4C8E-BCC7-D34E8F608B36}.Development|Win32.Build.0 = BuiltWithUnrealBuildTool|Win32
		{6EB235AF-B363-4C8E-BCC7-D34E8F608B36}.Development|Win64.ActiveCfg = BuiltWithUnrealBuildTool|Win32
		{6EB235AF-B363-4C8E-BCC7-D34E8F608B36}.Development|Win64.Build.0 = BuiltWithUnrealBuildTool|Win32
		{6EB235AF-B363-4C8E-BCC7-D34E8F608B36}.Shipping|HTML5.ActiveCfg = BuiltWithUnrealBuildTool|Win32
		{6EB235AF-B363-4C8E-BCC7-D34E8F608B36}.Shipping|HTML5.Build.0 = BuiltWithUnrealBuildTool|Win32
		{6EB235AF-B363-4C8E-BCC7-D34E8F608B36}.Shipping|Win32.ActiveCfg = BuiltWithUnrealBuildTool|Win32
		{6EB235AF-B363-4C8E-BCC7-D34E8F608B36}.Shipping|Win32.Build.0 = BuiltWithUnrealBuildTool|Win32
		{6EB235AF-B363-4C8E-BCC7-D34E8F608B36}.Shipping|Win64.ActiveCfg = BuiltWithUnrealBuildTool|Win32
		{6EB235AF-B363-4C8E-BCC7-D34E8F608B36}.Shipping|Win64.Build.0 = BuiltWithUnrealBuildTool|Win32
		{7FC1801D-3290-4639-98B3-ADC525FF223F}.DebugGame Editor|HTML5.ActiveCfg = HTML5_DebugGame_Editor|Win32
		{7FC1801D-3290-4639-98B3-ADC525FF223F}.DebugGame Editor|Win32.ActiveCfg = DebugGame_Editor|Win32
		{7FC1801D-3290-4639-98B3-ADC525FF223F}.DebugGame Editor|Win64.ActiveCfg = DebugGame_Editor|x64
		{7FC1801D-3290-4639-98B3-ADC525FF223F}.DebugGame Editor|Win64.Build.0 = DebugGame_Editor|x64
		{7FC1801D-3290-4639-98B3-ADC525FF223F}.DebugGame|HTML5.ActiveCfg = HTML5_DebugGame_Game|Win32
		{7FC1801D-3290-4639-98B3-ADC525FF223F}.DebugGame|HTML5.Build.0 = HTML5_DebugGame_Game|Win32
		{7FC1801D-3290-4639-98B3-ADC525FF223F}.DebugGame|Win32.ActiveCfg = DebugGame_Game|Win32
		{7FC1801D-3290-4639-98B3-ADC525FF223F}.DebugGame|Win32.Build.0 = DebugGame_Game|Win32
		{7FC1801D-3290-4639-98B3-ADC525FF223F}.DebugGame|Win64.ActiveCfg = DebugGame_Game|x64
		{7FC1801D-3290-4639-98B3-ADC525FF223F}.DebugGame|Win64.Build.0 = DebugGame_Game|x64
		{7FC1801D-3290-4639-98B3-ADC525FF223F}.Development Editor|HTML5.ActiveCfg = HTML5_Development_Editor|Win32
		{7FC1801D-3290-4639-98B3-ADC525FF223F}.Development Editor|Win32.ActiveCfg = Development_Editor|Win32
		{7FC1801D-3290-4639-98B3-ADC525FF223F}.Development Editor|Win64.ActiveCfg = Development_Editor|x64
		{7FC1801D-3290-4639-98B3-ADC525FF223F}.Development Editor|Win64.Build.0 = Development_Editor|x64
		{7FC1801D-3290-4639-98B3-ADC525FF223F}.Development|HTML5.ActiveCfg = HTML5_Development_Game|Win32
		{7FC1801D-3290-4639-98B3-ADC525FF223F}.Development|HTML5.Build.0 = HTML5_Development_Game|Win32
		{7FC1801D-3290-4639-98B3-ADC525FF223F}.Development|Win32.ActiveCfg = Development_Game|Win32
		{7FC1801D-3290-4639-98B3-ADC525FF223F}.Development|Win32.Build.0 = Development_Game|Win32
		{7FC1801D-3290-4639-98B3-ADC525FF223F}.Development|Win64.ActiveCfg = Development_Game|x64
		{7FC1801D-3290-4639-98B3-ADC525FF223F}.Development|Win64.Build.0 = Development_Game|x64
		{7FC1801D-3290-4639-98B3-ADC525FF223F}.Shipping|HTML5.ActiveCfg = HTML5_Shipping_Game|Win32
		{7FC1801D-3290-4639-98B3-ADC525FF223F}.Shipping|HTML5.Build.0 = HTML5_Shipping_Game|Win32
		{7FC1801D-3290-4639-98B3-ADC525FF223F}.Shipping|Win32.ActiveCfg = Shipping_Game|Win32
		{7FC1801D-3290-4639-98B3-ADC525FF223F}.Shipping|Win32.Build.0 = Shipping_Game|Win32
		{7FC1801D-3290-4639-98B3-ADC525FF223F}.Shipping|Win64.ActiveCfg = Shipping_Game|x64
		{7FC1801D-3290-4639-98B3-ADC525FF223F}.Shipping|Win64.Build.0 = Shipping_Game|x64
	EndGlobalSection
	GlobalSection(SolutionProperties) = preSolution
		HideSolutionNode = FALSE
	EndGlobalSection
	GlobalSection(NestedProjects) = preSolution
		{6EB235AF-B363-4C8E-BCC7-D34E8F608B36} = {A116AC72-C827-48F3-893D-BB2CF3D05D5B}
		{7FC1801D-3290-4639-98B3-ADC525FF223F} = {BB64D4CC-0088-4308-BE2B-34652B6EA8F8}
	EndGlobalSection
EndGlobal
